
Microsoft Visual Studio Solution File, Format Version 12.00
# Visual Studio Version 16
VisualStudioVersion = 16.0.29215.179
MinimumVisualStudioVersion = 10.0.40219.1
Project("{FAE04EC0-301F-11D3-BF4B-00C04F79EFBC}") = "Maths", "Maths\Maths.csproj", "{215B66CE-5C3D-4D3A-B6CD-6CC4E49064FB}"
EndProject
Global
	GlobalSection(SolutionConfigurationPlatforms) = preSolution
		Debug|Any CPU = Debug|Any CPU
		Release|Any CPU = Release|Any CPU
	EndGlobalSection
	GlobalSection(ProjectConfigurationPlatforms) = postSolution
		{215B66CE-5C3D-4D3A-B6CD-6CC4E49064FB}.Debug|Any CPU.ActiveCfg = Debug|Any CPU
		{215B66CE-5C3D-4D3A-B6CD-6CC4E49064FB}.Debug|Any CPU.Build.0 = Debug|Any CPU
		{215B66CE-5C3D-4D3A-B6CD-6CC4E49064FB}.Release|Any CPU.ActiveCfg = Release|Any CPU
		{215B66CE-5C3D-4D3A-B6CD-6CC4E49064FB}.Release|Any CPU.Build.0 = Release|Any CPU
	EndGlobalSection
	GlobalSection(SolutionProperties) = preSolution
		HideSolutionNode = FALSE
	EndGlobalSection
	GlobalSection(ExtensibilityGlobals) = postSolution
		SolutionGuid = {CC67BF22-58FE-4200-9894-D09A8BAA84BC}
	EndGlobalSection
EndGlobal
